PODS:
  - Nimble (5.0.0)
  - Quick (0.10.0)
  - RxBlocking (3.0.0-beta.1):
    - RxSwift (~> 3.0.0-beta.1)
  - RxNimble (0.2.0-beta.1):
    - Nimble (~> 5.0)
    - RxBlocking (~> 3.0.0-beta.1)
    - RxSwift (~> 3.0.0-beta.1)
  - RxSwift (3.0.0-beta.1)

DEPENDENCIES:
  - Nimble
  - Quick
  - RxNimble (from `../`)

EXTERNAL SOURCES:
  RxNimble:
    :path: "../"

SPEC CHECKSUMS:
  Nimble: 56fc9f5020effa2206de22c3dd910f4fb011b92f
  Quick: 5d290df1c69d5ee2f0729956dcf0fd9a30447eaa
  RxBlocking: 422944880fe63b432c459dc87be7c8178dcf45f3
  RxNimble: 7204e53ab9cab040fb654053b137b2cca4e945af
  RxSwift: 0823e8d7969c23bfa9ddfb2afa4881e424a1a710

PODFILE CHECKSUM: 979b8cba60954867aeaefcfa2c480d5cbc162404

COCOAPODS: 1.0.1
